schema: '2.0'
stages:
  data_ingestion:
    cmd: python src/data/data_ingestion.py
    deps:
    - path: src/data/data_ingestion.py
      hash: md5
      md5: ee08a4c31ae467cebbcce70b5cc5491a
      size: 3545
    params:
      params.yaml:
        data_ingestion.test_size: 0.3
    outs:
    - path: data/raw
      hash: md5
      md5: 03b3b604b1f92a17191a7fc947e576d6.dir
      size: 827973
      nfiles: 2
  data_preprocessing:
    cmd: python src/data/data_preprocessing.py
    deps:
    - path: data/raw
      hash: md5
      md5: 03b3b604b1f92a17191a7fc947e576d6.dir
      size: 827973
      nfiles: 2
    - path: src/data/data_preprocessing.py
      hash: md5
      md5: c1e18bf95fcc1e3d80cae9ee7c4a6383
      size: 4014
    outs:
    - path: data/interim
      hash: md5
      md5: 20c9f1bf4b0a0399c2850bc4d099b854.dir
      size: 566063
      nfiles: 2
  feature_engineering:
    cmd: python src/features/feature_engineering.py
    deps:
    - path: data/interim
      hash: md5
      md5: 20c9f1bf4b0a0399c2850bc4d099b854.dir
      size: 566063
      nfiles: 2
    - path: src/features/feature_engineering.py
      hash: md5
      md5: c1888aef256c204017522c2ce5fd36a0
      size: 3883
    params:
      params.yaml:
        feature_engineering.max_features: 4000
    outs:
    - path: data/processed
      hash: md5
      md5: 9e025833e74e3677421cba9002c373ac.dir
      size: 83060916
      nfiles: 2
    - path: models/vectorizer.pkl
      hash: md5
      md5: d8fcbe10a21d90ad5af10c4ab03db147
      size: 95299
  model_building:
    cmd: python src/model/model_building.py
    deps:
    - path: data/processed
      hash: md5
      md5: 9e025833e74e3677421cba9002c373ac.dir
      size: 83060916
      nfiles: 2
    - path: src/model/model_building.py
      hash: md5
      md5: 809681a98d52938b43c9befd0b00a422
      size: 2373
    outs:
    - path: models/model.pkl
      hash: md5
      md5: ded0f00af5580261bb9b81e2431ad52a
      size: 32716
  model_evaluation:
    cmd: python src/model/model_evaluation.py
    deps:
    - path: models/model.pkl
      hash: md5
      md5: ded0f00af5580261bb9b81e2431ad52a
      size: 32716
    - path: src/model/model_evaluation.py
      hash: md5
      md5: 19fb370b84da86dc4c63e4c249e5f64a
      size: 5796
    outs:
    - path: reports/experiment_info.json
      hash: md5
      md5: f7e1a4a8b1b77ff85a337ba62f53e8a0
      size: 82
    - path: reports/metrics.json
      hash: md5
      md5: 5b433ff97b713290895a1be6fa4087f3
      size: 145
  model_registration:
    cmd: python src/model/register_model.py
    deps:
    - path: reports/experiment_info.json
      hash: md5
      md5: f7e1a4a8b1b77ff85a337ba62f53e8a0
      size: 82
    - path: src/model/register_model.py
      hash: md5
      md5: 847f7dfbd0c57e1848cb3c93b18cc28b
      size: 3027
